<?xml version="1.0" encoding="UTF-8"?>
<CodeBlocks_project_file>
	<FileVersion major="1" minor="6"/>
	<Project>
		<Option title="SERVER"/>
		<Option makefile_is_custom="1"/>
		<Option compiler="gcc"/>
		<Option virtualFolders="CMake Files\;"/>
		<Build>
			<Target title="all">
				<Option working_dir="/home/lzy/MyChatAppServer"/>
				<Option type="4"/>
				<MakeCommands>
					<Build command="/usr/bin/make -f &quot;/home/lzy/MyChatAppServer/Makefile&quot;  VERBOSE=1 all"/>
					<CompileFile command="/usr/bin/make -f &quot;/home/lzy/MyChatAppServer/Makefile&quot;  VERBOSE=1 &quot;$file&quot;"/>
					<Clean command="/usr/bin/make -f &quot;/home/lzy/MyChatAppServer/Makefile&quot;  VERBOSE=1 clean"/>
					<DistClean command="/usr/bin/make -f &quot;/home/lzy/MyChatAppServer/Makefile&quot;  VERBOSE=1 clean"/>
				</MakeCommands>
			</Target>
			<Target title="rebuild_cache">
				<Option working_dir="/home/lzy/MyChatAppServer"/>
				<Option type="4"/>
				<MakeCommands>
					<Build command="/usr/bin/make -f &quot;/home/lzy/MyChatAppServer/Makefile&quot;  VERBOSE=1 rebuild_cache"/>
					<CompileFile command="/usr/bin/make -f &quot;/home/lzy/MyChatAppServer/Makefile&quot;  VERBOSE=1 &quot;$file&quot;"/>
					<Clean command="/usr/bin/make -f &quot;/home/lzy/MyChatAppServer/Makefile&quot;  VERBOSE=1 clean"/>
					<DistClean command="/usr/bin/make -f &quot;/home/lzy/MyChatAppServer/Makefile&quot;  VERBOSE=1 clean"/>
				</MakeCommands>
			</Target>
			<Target title="edit_cache">
				<Option working_dir="/home/lzy/MyChatAppServer"/>
				<Option type="4"/>
				<MakeCommands>
					<Build command="/usr/bin/make -f &quot;/home/lzy/MyChatAppServer/Makefile&quot;  VERBOSE=1 edit_cache"/>
					<CompileFile command="/usr/bin/make -f &quot;/home/lzy/MyChatAppServer/Makefile&quot;  VERBOSE=1 &quot;$file&quot;"/>
					<Clean command="/usr/bin/make -f &quot;/home/lzy/MyChatAppServer/Makefile&quot;  VERBOSE=1 clean"/>
					<DistClean command="/usr/bin/make -f &quot;/home/lzy/MyChatAppServer/Makefile&quot;  VERBOSE=1 clean"/>
				</MakeCommands>
			</Target>
			<Target title="chatserver">
				<Option output="/home/lzy/MyChatAppServer/chatserver" prefix_auto="0" extension_auto="0"/>
				<Option working_dir="/home/lzy/MyChatAppServer"/>
				<Option object_output="./"/>
				<Option type="1"/>
				<Option compiler="gcc"/>
				<Compiler>
					<Add directory="/home/lzy/MyChatAppServer"/>
					<Add directory="/home/lzy/MyChatAppServer/third_party/gmock"/>
					<Add directory="/usr/include/c++/4.8"/>
					<Add directory="/usr/include/x86_64-linux-gnu/c++/4.8"/>
					<Add directory="/usr/include/c++/4.8/backward"/>
					<Add directory="/usr/lib/gcc/x86_64-linux-gnu/4.8/include"/>
					<Add directory="/usr/local/include"/>
					<Add directory="/usr/lib/gcc/x86_64-linux-gnu/4.8/include-fixed"/>
					<Add directory="/usr/include/x86_64-linux-gnu"/>
					<Add directory="/usr/include"/>
				</Compiler>
				<MakeCommands>
					<Build command="/usr/bin/make -f &quot;/home/lzy/MyChatAppServer/Makefile&quot;  VERBOSE=1 chatserver"/>
					<CompileFile command="/usr/bin/make -f &quot;/home/lzy/MyChatAppServer/Makefile&quot;  VERBOSE=1 &quot;$file&quot;"/>
					<Clean command="/usr/bin/make -f &quot;/home/lzy/MyChatAppServer/Makefile&quot;  VERBOSE=1 clean"/>
					<DistClean command="/usr/bin/make -f &quot;/home/lzy/MyChatAppServer/Makefile&quot;  VERBOSE=1 clean"/>
				</MakeCommands>
			</Target>
			<Target title="chatserver/fast">
				<Option output="/home/lzy/MyChatAppServer/chatserver" prefix_auto="0" extension_auto="0"/>
				<Option working_dir="/home/lzy/MyChatAppServer"/>
				<Option object_output="./"/>
				<Option type="1"/>
				<Option compiler="gcc"/>
				<Compiler>
					<Add directory="/home/lzy/MyChatAppServer"/>
					<Add directory="/home/lzy/MyChatAppServer/third_party/gmock"/>
					<Add directory="/usr/include/c++/4.8"/>
					<Add directory="/usr/include/x86_64-linux-gnu/c++/4.8"/>
					<Add directory="/usr/include/c++/4.8/backward"/>
					<Add directory="/usr/lib/gcc/x86_64-linux-gnu/4.8/include"/>
					<Add directory="/usr/local/include"/>
					<Add directory="/usr/lib/gcc/x86_64-linux-gnu/4.8/include-fixed"/>
					<Add directory="/usr/include/x86_64-linux-gnu"/>
					<Add directory="/usr/include"/>
				</Compiler>
				<MakeCommands>
					<Build command="/usr/bin/make -f &quot;/home/lzy/MyChatAppServer/Makefile&quot;  VERBOSE=1 chatserver/fast"/>
					<CompileFile command="/usr/bin/make -f &quot;/home/lzy/MyChatAppServer/Makefile&quot;  VERBOSE=1 &quot;$file&quot;"/>
					<Clean command="/usr/bin/make -f &quot;/home/lzy/MyChatAppServer/Makefile&quot;  VERBOSE=1 clean"/>
					<DistClean command="/usr/bin/make -f &quot;/home/lzy/MyChatAppServer/Makefile&quot;  VERBOSE=1 clean"/>
				</MakeCommands>
			</Target>
			<Target title="Timestamptest">
				<Option output="/home/lzy/MyChatAppServer/Timestamptest" prefix_auto="0" extension_auto="0"/>
				<Option working_dir="/home/lzy/MyChatAppServer"/>
				<Option object_output="./"/>
				<Option type="1"/>
				<Option compiler="gcc"/>
				<Compiler>
					<Add directory="/home/lzy/MyChatAppServer"/>
					<Add directory="/home/lzy/MyChatAppServer/third_party/gmock"/>
					<Add directory="/usr/include/c++/4.8"/>
					<Add directory="/usr/include/x86_64-linux-gnu/c++/4.8"/>
					<Add directory="/usr/include/c++/4.8/backward"/>
					<Add directory="/usr/lib/gcc/x86_64-linux-gnu/4.8/include"/>
					<Add directory="/usr/local/include"/>
					<Add directory="/usr/lib/gcc/x86_64-linux-gnu/4.8/include-fixed"/>
					<Add directory="/usr/include/x86_64-linux-gnu"/>
					<Add directory="/usr/include"/>
				</Compiler>
				<MakeCommands>
					<Build command="/usr/bin/make -f &quot;/home/lzy/MyChatAppServer/Makefile&quot;  VERBOSE=1 Timestamptest"/>
					<CompileFile command="/usr/bin/make -f &quot;/home/lzy/MyChatAppServer/Makefile&quot;  VERBOSE=1 &quot;$file&quot;"/>
					<Clean command="/usr/bin/make -f &quot;/home/lzy/MyChatAppServer/Makefile&quot;  VERBOSE=1 clean"/>
					<DistClean command="/usr/bin/make -f &quot;/home/lzy/MyChatAppServer/Makefile&quot;  VERBOSE=1 clean"/>
				</MakeCommands>
			</Target>
			<Target title="Timestamptest/fast">
				<Option output="/home/lzy/MyChatAppServer/Timestamptest" prefix_auto="0" extension_auto="0"/>
				<Option working_dir="/home/lzy/MyChatAppServer"/>
				<Option object_output="./"/>
				<Option type="1"/>
				<Option compiler="gcc"/>
				<Compiler>
					<Add directory="/home/lzy/MyChatAppServer"/>
					<Add directory="/home/lzy/MyChatAppServer/third_party/gmock"/>
					<Add directory="/usr/include/c++/4.8"/>
					<Add directory="/usr/include/x86_64-linux-gnu/c++/4.8"/>
					<Add directory="/usr/include/c++/4.8/backward"/>
					<Add directory="/usr/lib/gcc/x86_64-linux-gnu/4.8/include"/>
					<Add directory="/usr/local/include"/>
					<Add directory="/usr/lib/gcc/x86_64-linux-gnu/4.8/include-fixed"/>
					<Add directory="/usr/include/x86_64-linux-gnu"/>
					<Add directory="/usr/include"/>
				</Compiler>
				<MakeCommands>
					<Build command="/usr/bin/make -f &quot;/home/lzy/MyChatAppServer/Makefile&quot;  VERBOSE=1 Timestamptest/fast"/>
					<CompileFile command="/usr/bin/make -f &quot;/home/lzy/MyChatAppServer/Makefile&quot;  VERBOSE=1 &quot;$file&quot;"/>
					<Clean command="/usr/bin/make -f &quot;/home/lzy/MyChatAppServer/Makefile&quot;  VERBOSE=1 clean"/>
					<DistClean command="/usr/bin/make -f &quot;/home/lzy/MyChatAppServer/Makefile&quot;  VERBOSE=1 clean"/>
				</MakeCommands>
			</Target>
		</Build>
		<Unit filename="/home/lzy/MyChatAppServer/base/AsyncLog.cpp">
			<Option target="chatserver"/>
			<Option target="Timestamptest"/>
		</Unit>
		<Unit filename="/home/lzy/MyChatAppServer/base/AsyncLog.h">
			<Option target="chatserver"/>
			<Option target="Timestamptest"/>
		</Unit>
		<Unit filename="/home/lzy/MyChatAppServer/base/ConfigFileReader.cpp">
			<Option target="chatserver"/>
			<Option target="Timestamptest"/>
		</Unit>
		<Unit filename="/home/lzy/MyChatAppServer/base/ConfigFileReader.h">
			<Option target="chatserver"/>
			<Option target="Timestamptest"/>
		</Unit>
		<Unit filename="/home/lzy/MyChatAppServer/base/Platform.cpp">
			<Option target="chatserver"/>
			<Option target="Timestamptest"/>
		</Unit>
		<Unit filename="/home/lzy/MyChatAppServer/base/Platform.h">
			<Option target="chatserver"/>
			<Option target="Timestamptest"/>
		</Unit>
		<Unit filename="/home/lzy/MyChatAppServer/base/Timestamp.cpp">
			<Option target="chatserver"/>
			<Option target="Timestamptest"/>
		</Unit>
		<Unit filename="/home/lzy/MyChatAppServer/base/Timestamp.h">
			<Option target="chatserver"/>
			<Option target="Timestamptest"/>
		</Unit>
		<Unit filename="/home/lzy/MyChatAppServer/chatserversrc/BussinessLogic.cpp">
			<Option target="chatserver"/>
		</Unit>
		<Unit filename="/home/lzy/MyChatAppServer/chatserversrc/BussinessLogic.h">
			<Option target="chatserver"/>
		</Unit>
		<Unit filename="/home/lzy/MyChatAppServer/chatserversrc/ChatServer.cpp">
			<Option target="chatserver"/>
		</Unit>
		<Unit filename="/home/lzy/MyChatAppServer/chatserversrc/ChatServer.h">
			<Option target="chatserver"/>
		</Unit>
		<Unit filename="/home/lzy/MyChatAppServer/chatserversrc/ChatSession.cpp">
			<Option target="chatserver"/>
		</Unit>
		<Unit filename="/home/lzy/MyChatAppServer/chatserversrc/ChatSession.h">
			<Option target="chatserver"/>
		</Unit>
		<Unit filename="/home/lzy/MyChatAppServer/chatserversrc/HttpServer.cpp">
			<Option target="chatserver"/>
		</Unit>
		<Unit filename="/home/lzy/MyChatAppServer/chatserversrc/HttpServer.h">
			<Option target="chatserver"/>
		</Unit>
		<Unit filename="/home/lzy/MyChatAppServer/chatserversrc/HttpSession.cpp">
			<Option target="chatserver"/>
		</Unit>
		<Unit filename="/home/lzy/MyChatAppServer/chatserversrc/HttpSession.h">
			<Option target="chatserver"/>
		</Unit>
		<Unit filename="/home/lzy/MyChatAppServer/chatserversrc/MonitorServer.cpp">
			<Option target="chatserver"/>
		</Unit>
		<Unit filename="/home/lzy/MyChatAppServer/chatserversrc/MonitorServer.h">
			<Option target="chatserver"/>
		</Unit>
		<Unit filename="/home/lzy/MyChatAppServer/chatserversrc/MonitorSession.cpp">
			<Option target="chatserver"/>
		</Unit>
		<Unit filename="/home/lzy/MyChatAppServer/chatserversrc/MonitorSession.h">
			<Option target="chatserver"/>
		</Unit>
		<Unit filename="/home/lzy/MyChatAppServer/chatserversrc/MsgCacheManager.cpp">
			<Option target="chatserver"/>
		</Unit>
		<Unit filename="/home/lzy/MyChatAppServer/chatserversrc/MsgCacheManager.h">
			<Option target="chatserver"/>
		</Unit>
		<Unit filename="/home/lzy/MyChatAppServer/chatserversrc/TcpSession.cpp">
			<Option target="chatserver"/>
		</Unit>
		<Unit filename="/home/lzy/MyChatAppServer/chatserversrc/TcpSession.h">
			<Option target="chatserver"/>
		</Unit>
		<Unit filename="/home/lzy/MyChatAppServer/chatserversrc/UserManager.cpp">
			<Option target="chatserver"/>
		</Unit>
		<Unit filename="/home/lzy/MyChatAppServer/chatserversrc/UserManager.h">
			<Option target="chatserver"/>
		</Unit>
		<Unit filename="/home/lzy/MyChatAppServer/chatserversrc/main.cpp">
			<Option target="chatserver"/>
		</Unit>
		<Unit filename="/home/lzy/MyChatAppServer/jsoncpp1.9.0/json_reader.cpp">
			<Option target="chatserver"/>
		</Unit>
		<Unit filename="/home/lzy/MyChatAppServer/jsoncpp1.9.0/json_value.cpp">
			<Option target="chatserver"/>
		</Unit>
		<Unit filename="/home/lzy/MyChatAppServer/jsoncpp1.9.0/json_writer.cpp">
			<Option target="chatserver"/>
		</Unit>
		<Unit filename="/home/lzy/MyChatAppServer/myChatserver/mysqlmgr/MysqlManager.cpp">
			<Option target="chatserver"/>
		</Unit>
		<Unit filename="/home/lzy/MyChatAppServer/myChatserver/mysqlmgr/MysqlManager.h">
			<Option target="chatserver"/>
		</Unit>
		<Unit filename="/home/lzy/MyChatAppServer/mysqlapi/DatabaseMysql.cpp">
			<Option target="chatserver"/>
		</Unit>
		<Unit filename="/home/lzy/MyChatAppServer/mysqlapi/DatabaseMysql.h">
			<Option target="chatserver"/>
		</Unit>
		<Unit filename="/home/lzy/MyChatAppServer/mysqlapi/Field.cpp">
			<Option target="chatserver"/>
		</Unit>
		<Unit filename="/home/lzy/MyChatAppServer/mysqlapi/Field.h">
			<Option target="chatserver"/>
		</Unit>
		<Unit filename="/home/lzy/MyChatAppServer/mysqlapi/QueryResult.cpp">
			<Option target="chatserver"/>
		</Unit>
		<Unit filename="/home/lzy/MyChatAppServer/mysqlapi/QueryResult.h">
			<Option target="chatserver"/>
		</Unit>
		<Unit filename="/home/lzy/MyChatAppServer/net/Acceptor.cpp">
			<Option target="chatserver"/>
			<Option target="Timestamptest"/>
		</Unit>
		<Unit filename="/home/lzy/MyChatAppServer/net/Acceptor.h">
			<Option target="chatserver"/>
			<Option target="Timestamptest"/>
		</Unit>
		<Unit filename="/home/lzy/MyChatAppServer/net/Buffer.cpp">
			<Option target="chatserver"/>
			<Option target="Timestamptest"/>
		</Unit>
		<Unit filename="/home/lzy/MyChatAppServer/net/Buffer.h">
			<Option target="chatserver"/>
			<Option target="Timestamptest"/>
		</Unit>
		<Unit filename="/home/lzy/MyChatAppServer/net/Channel.cpp">
			<Option target="chatserver"/>
			<Option target="Timestamptest"/>
		</Unit>
		<Unit filename="/home/lzy/MyChatAppServer/net/Channel.h">
			<Option target="chatserver"/>
			<Option target="Timestamptest"/>
		</Unit>
		<Unit filename="/home/lzy/MyChatAppServer/net/Connector.cpp">
			<Option target="chatserver"/>
			<Option target="Timestamptest"/>
		</Unit>
		<Unit filename="/home/lzy/MyChatAppServer/net/Connector.h">
			<Option target="chatserver"/>
			<Option target="Timestamptest"/>
		</Unit>
		<Unit filename="/home/lzy/MyChatAppServer/net/EpollPoller.cpp">
			<Option target="chatserver"/>
			<Option target="Timestamptest"/>
		</Unit>
		<Unit filename="/home/lzy/MyChatAppServer/net/EpollPoller.h">
			<Option target="chatserver"/>
			<Option target="Timestamptest"/>
		</Unit>
		<Unit filename="/home/lzy/MyChatAppServer/net/EventLoop.cpp">
			<Option target="chatserver"/>
			<Option target="Timestamptest"/>
		</Unit>
		<Unit filename="/home/lzy/MyChatAppServer/net/EventLoop.h">
			<Option target="chatserver"/>
			<Option target="Timestamptest"/>
		</Unit>
		<Unit filename="/home/lzy/MyChatAppServer/net/EventLoopThread.cpp">
			<Option target="chatserver"/>
			<Option target="Timestamptest"/>
		</Unit>
		<Unit filename="/home/lzy/MyChatAppServer/net/EventLoopThread.h">
			<Option target="chatserver"/>
			<Option target="Timestamptest"/>
		</Unit>
		<Unit filename="/home/lzy/MyChatAppServer/net/EventLoopThreadPool.cpp">
			<Option target="chatserver"/>
			<Option target="Timestamptest"/>
		</Unit>
		<Unit filename="/home/lzy/MyChatAppServer/net/EventLoopThreadPool.h">
			<Option target="chatserver"/>
			<Option target="Timestamptest"/>
		</Unit>
		<Unit filename="/home/lzy/MyChatAppServer/net/InetAddress.cpp">
			<Option target="chatserver"/>
			<Option target="Timestamptest"/>
		</Unit>
		<Unit filename="/home/lzy/MyChatAppServer/net/InetAddress.h">
			<Option target="chatserver"/>
			<Option target="Timestamptest"/>
		</Unit>
		<Unit filename="/home/lzy/MyChatAppServer/net/PollPoller.cpp">
			<Option target="chatserver"/>
			<Option target="Timestamptest"/>
		</Unit>
		<Unit filename="/home/lzy/MyChatAppServer/net/PollPoller.h">
			<Option target="chatserver"/>
			<Option target="Timestamptest"/>
		</Unit>
		<Unit filename="/home/lzy/MyChatAppServer/net/Poller.cpp">
			<Option target="chatserver"/>
			<Option target="Timestamptest"/>
		</Unit>
		<Unit filename="/home/lzy/MyChatAppServer/net/Poller.h">
			<Option target="chatserver"/>
			<Option target="Timestamptest"/>
		</Unit>
		<Unit filename="/home/lzy/MyChatAppServer/net/ProtocolStream.cpp">
			<Option target="chatserver"/>
			<Option target="Timestamptest"/>
		</Unit>
		<Unit filename="/home/lzy/MyChatAppServer/net/ProtocolStream.h">
			<Option target="chatserver"/>
			<Option target="Timestamptest"/>
		</Unit>
		<Unit filename="/home/lzy/MyChatAppServer/net/SelectPoller.cpp">
			<Option target="chatserver"/>
			<Option target="Timestamptest"/>
		</Unit>
		<Unit filename="/home/lzy/MyChatAppServer/net/SelectPoller.h">
			<Option target="chatserver"/>
			<Option target="Timestamptest"/>
		</Unit>
		<Unit filename="/home/lzy/MyChatAppServer/net/Sockets.cpp">
			<Option target="chatserver"/>
			<Option target="Timestamptest"/>
		</Unit>
		<Unit filename="/home/lzy/MyChatAppServer/net/Sockets.h">
			<Option target="chatserver"/>
			<Option target="Timestamptest"/>
		</Unit>
		<Unit filename="/home/lzy/MyChatAppServer/net/TcpClient.cpp">
			<Option target="chatserver"/>
			<Option target="Timestamptest"/>
		</Unit>
		<Unit filename="/home/lzy/MyChatAppServer/net/TcpClient.h">
			<Option target="chatserver"/>
			<Option target="Timestamptest"/>
		</Unit>
		<Unit filename="/home/lzy/MyChatAppServer/net/TcpConnection.cpp">
			<Option target="chatserver"/>
			<Option target="Timestamptest"/>
		</Unit>
		<Unit filename="/home/lzy/MyChatAppServer/net/TcpConnection.h">
			<Option target="chatserver"/>
			<Option target="Timestamptest"/>
		</Unit>
		<Unit filename="/home/lzy/MyChatAppServer/net/TcpServer.cpp">
			<Option target="chatserver"/>
			<Option target="Timestamptest"/>
		</Unit>
		<Unit filename="/home/lzy/MyChatAppServer/net/TcpServer.h">
			<Option target="chatserver"/>
			<Option target="Timestamptest"/>
		</Unit>
		<Unit filename="/home/lzy/MyChatAppServer/net/Timer.cpp">
			<Option target="chatserver"/>
			<Option target="Timestamptest"/>
		</Unit>
		<Unit filename="/home/lzy/MyChatAppServer/net/Timer.h">
			<Option target="chatserver"/>
			<Option target="Timestamptest"/>
		</Unit>
		<Unit filename="/home/lzy/MyChatAppServer/net/TimerQueue.cpp">
			<Option target="chatserver"/>
			<Option target="Timestamptest"/>
		</Unit>
		<Unit filename="/home/lzy/MyChatAppServer/net/TimerQueue.h">
			<Option target="chatserver"/>
			<Option target="Timestamptest"/>
		</Unit>
		<Unit filename="/home/lzy/MyChatAppServer/test/base/Timestamptest.cpp">
			<Option target="Timestamptest"/>
		</Unit>
		<Unit filename="/home/lzy/MyChatAppServer/third_party/gmock/gmock_main.cc">
			<Option target="Timestamptest"/>
		</Unit>
		<Unit filename="/home/lzy/MyChatAppServer/utils/DaemonRun.cpp">
			<Option target="chatserver"/>
		</Unit>
		<Unit filename="/home/lzy/MyChatAppServer/utils/DaemonRun.h">
			<Option target="chatserver"/>
		</Unit>
		<Unit filename="/home/lzy/MyChatAppServer/utils/MD5.cpp">
			<Option target="chatserver"/>
		</Unit>
		<Unit filename="/home/lzy/MyChatAppServer/utils/MD5.h">
			<Option target="chatserver"/>
		</Unit>
		<Unit filename="/home/lzy/MyChatAppServer/utils/StringUtil.cpp">
			<Option target="chatserver"/>
		</Unit>
		<Unit filename="/home/lzy/MyChatAppServer/utils/StringUtil.h">
			<Option target="chatserver"/>
		</Unit>
		<Unit filename="/home/lzy/MyChatAppServer/utils/URLEncodeUtil.cpp">
			<Option target="chatserver"/>
		</Unit>
		<Unit filename="/home/lzy/MyChatAppServer/utils/URLEncodeUtil.h">
			<Option target="chatserver"/>
		</Unit>
		<Unit filename="/home/lzy/MyChatAppServer/zlib1.2.11/ZlibUtil.cpp">
			<Option target="chatserver"/>
		</Unit>
		<Unit filename="/home/lzy/MyChatAppServer/zlib1.2.11/ZlibUtil.h">
			<Option target="chatserver"/>
		</Unit>
		<Unit filename="/home/lzy/MyChatAppServer/zlib1.2.11/adler32.c">
			<Option target="chatserver"/>
		</Unit>
		<Unit filename="/home/lzy/MyChatAppServer/zlib1.2.11/compress.c">
			<Option target="chatserver"/>
		</Unit>
		<Unit filename="/home/lzy/MyChatAppServer/zlib1.2.11/crc32.c">
			<Option target="chatserver"/>
		</Unit>
		<Unit filename="/home/lzy/MyChatAppServer/zlib1.2.11/crc32.h">
			<Option target="chatserver"/>
		</Unit>
		<Unit filename="/home/lzy/MyChatAppServer/zlib1.2.11/deflate.c">
			<Option target="chatserver"/>
		</Unit>
		<Unit filename="/home/lzy/MyChatAppServer/zlib1.2.11/deflate.h">
			<Option target="chatserver"/>
		</Unit>
		<Unit filename="/home/lzy/MyChatAppServer/zlib1.2.11/gzclose.c">
			<Option target="chatserver"/>
		</Unit>
		<Unit filename="/home/lzy/MyChatAppServer/zlib1.2.11/gzlib.c">
			<Option target="chatserver"/>
		</Unit>
		<Unit filename="/home/lzy/MyChatAppServer/zlib1.2.11/gzread.c">
			<Option target="chatserver"/>
		</Unit>
		<Unit filename="/home/lzy/MyChatAppServer/zlib1.2.11/gzwrite.c">
			<Option target="chatserver"/>
		</Unit>
		<Unit filename="/home/lzy/MyChatAppServer/zlib1.2.11/infback.c">
			<Option target="chatserver"/>
		</Unit>
		<Unit filename="/home/lzy/MyChatAppServer/zlib1.2.11/inffast.c">
			<Option target="chatserver"/>
		</Unit>
		<Unit filename="/home/lzy/MyChatAppServer/zlib1.2.11/inffast.h">
			<Option target="chatserver"/>
		</Unit>
		<Unit filename="/home/lzy/MyChatAppServer/zlib1.2.11/inflate.c">
			<Option target="chatserver"/>
		</Unit>
		<Unit filename="/home/lzy/MyChatAppServer/zlib1.2.11/inflate.h">
			<Option target="chatserver"/>
		</Unit>
		<Unit filename="/home/lzy/MyChatAppServer/zlib1.2.11/inftrees.c">
			<Option target="chatserver"/>
		</Unit>
		<Unit filename="/home/lzy/MyChatAppServer/zlib1.2.11/inftrees.h">
			<Option target="chatserver"/>
		</Unit>
		<Unit filename="/home/lzy/MyChatAppServer/zlib1.2.11/trees.c">
			<Option target="chatserver"/>
		</Unit>
		<Unit filename="/home/lzy/MyChatAppServer/zlib1.2.11/trees.h">
			<Option target="chatserver"/>
		</Unit>
		<Unit filename="/home/lzy/MyChatAppServer/zlib1.2.11/uncompr.c">
			<Option target="chatserver"/>
		</Unit>
		<Unit filename="/home/lzy/MyChatAppServer/zlib1.2.11/zutil.c">
			<Option target="chatserver"/>
		</Unit>
		<Unit filename="/home/lzy/MyChatAppServer/zlib1.2.11/zutil.h">
			<Option target="chatserver"/>
		</Unit>
		<Unit filename="/home/lzy/MyChatAppServer/CMakeLists.txt">
			<Option virtualFolder="CMake Files\"/>
		</Unit>
	</Project>
</CodeBlocks_project_file>
