<?xml version="1.0" encoding="UTF-8"?>
<CodeBlocks_project_file>
	<FileVersion major="1" minor="6"/>
	<Project>
		<Option title="SERVER"/>
		<Option makefile_is_custom="1"/>
		<Option compiler="gcc"/>
		<Option virtualFolders="CMake Files\;"/>
		<Build>
			<Target title="all">
				<Option working_dir="/home/lzy/myChatServer/MyChatServer"/>
				<Option type="4"/>
				<MakeCommands>
					<Build command="/usr/bin/make -j4 -f &quot;/home/lzy/myChatServer/MyChatServer/Makefile&quot;  VERBOSE=1 all"/>
					<CompileFile command="/usr/bin/make -j4 -f &quot;/home/lzy/myChatServer/MyChatServer/Makefile&quot;  VERBOSE=1 &quot;$file&quot;"/>
					<Clean command="/usr/bin/make -j4 -f &quot;/home/lzy/myChatServer/MyChatServer/Makefile&quot;  VERBOSE=1 clean"/>
					<DistClean command="/usr/bin/make -j4 -f &quot;/home/lzy/myChatServer/MyChatServer/Makefile&quot;  VERBOSE=1 clean"/>
				</MakeCommands>
			</Target>
			<Target title="UserManagertest">
				<Option output="/home/lzy/myChatServer/MyChatServer/UserManagertest" prefix_auto="0" extension_auto="0"/>
				<Option working_dir="/home/lzy/myChatServer/MyChatServer"/>
				<Option object_output="./"/>
				<Option type="1"/>
				<Option compiler="gcc"/>
				<Compiler>
					<Add directory="/home/lzy/myChatServer/MyChatServer"/>
					<Add directory="/home/lzy/myChatServer/MyChatServer/third_party/gmock"/>
					<Add directory="/usr/include/c++/4.8"/>
					<Add directory="/usr/include/x86_64-linux-gnu/c++/4.8"/>
					<Add directory="/usr/include/c++/4.8/backward"/>
					<Add directory="/usr/lib/gcc/x86_64-linux-gnu/4.8/include"/>
					<Add directory="/usr/local/include"/>
					<Add directory="/usr/lib/gcc/x86_64-linux-gnu/4.8/include-fixed"/>
					<Add directory="/usr/include/x86_64-linux-gnu"/>
					<Add directory="/usr/include"/>
				</Compiler>
				<MakeCommands>
					<Build command="/usr/bin/make -j4 -f &quot;/home/lzy/myChatServer/MyChatServer/Makefile&quot;  VERBOSE=1 UserManagertest"/>
					<CompileFile command="/usr/bin/make -j4 -f &quot;/home/lzy/myChatServer/MyChatServer/Makefile&quot;  VERBOSE=1 &quot;$file&quot;"/>
					<Clean command="/usr/bin/make -j4 -f &quot;/home/lzy/myChatServer/MyChatServer/Makefile&quot;  VERBOSE=1 clean"/>
					<DistClean command="/usr/bin/make -j4 -f &quot;/home/lzy/myChatServer/MyChatServer/Makefile&quot;  VERBOSE=1 clean"/>
				</MakeCommands>
			</Target>
			<Target title="UserManagertest/fast">
				<Option output="/home/lzy/myChatServer/MyChatServer/UserManagertest" prefix_auto="0" extension_auto="0"/>
				<Option working_dir="/home/lzy/myChatServer/MyChatServer"/>
				<Option object_output="./"/>
				<Option type="1"/>
				<Option compiler="gcc"/>
				<Compiler>
					<Add directory="/home/lzy/myChatServer/MyChatServer"/>
					<Add directory="/home/lzy/myChatServer/MyChatServer/third_party/gmock"/>
					<Add directory="/usr/include/c++/4.8"/>
					<Add directory="/usr/include/x86_64-linux-gnu/c++/4.8"/>
					<Add directory="/usr/include/c++/4.8/backward"/>
					<Add directory="/usr/lib/gcc/x86_64-linux-gnu/4.8/include"/>
					<Add directory="/usr/local/include"/>
					<Add directory="/usr/lib/gcc/x86_64-linux-gnu/4.8/include-fixed"/>
					<Add directory="/usr/include/x86_64-linux-gnu"/>
					<Add directory="/usr/include"/>
				</Compiler>
				<MakeCommands>
					<Build command="/usr/bin/make -j4 -f &quot;/home/lzy/myChatServer/MyChatServer/Makefile&quot;  VERBOSE=1 UserManagertest/fast"/>
					<CompileFile command="/usr/bin/make -j4 -f &quot;/home/lzy/myChatServer/MyChatServer/Makefile&quot;  VERBOSE=1 &quot;$file&quot;"/>
					<Clean command="/usr/bin/make -j4 -f &quot;/home/lzy/myChatServer/MyChatServer/Makefile&quot;  VERBOSE=1 clean"/>
					<DistClean command="/usr/bin/make -j4 -f &quot;/home/lzy/myChatServer/MyChatServer/Makefile&quot;  VERBOSE=1 clean"/>
				</MakeCommands>
			</Target>
			<Target title="edit_cache">
				<Option working_dir="/home/lzy/myChatServer/MyChatServer"/>
				<Option type="4"/>
				<MakeCommands>
					<Build command="/usr/bin/make -j4 -f &quot;/home/lzy/myChatServer/MyChatServer/Makefile&quot;  VERBOSE=1 edit_cache"/>
					<CompileFile command="/usr/bin/make -j4 -f &quot;/home/lzy/myChatServer/MyChatServer/Makefile&quot;  VERBOSE=1 &quot;$file&quot;"/>
					<Clean command="/usr/bin/make -j4 -f &quot;/home/lzy/myChatServer/MyChatServer/Makefile&quot;  VERBOSE=1 clean"/>
					<DistClean command="/usr/bin/make -j4 -f &quot;/home/lzy/myChatServer/MyChatServer/Makefile&quot;  VERBOSE=1 clean"/>
				</MakeCommands>
			</Target>
			<Target title="mysqlMgrtest">
				<Option output="/home/lzy/myChatServer/MyChatServer/mysqlMgrtest" prefix_auto="0" extension_auto="0"/>
				<Option working_dir="/home/lzy/myChatServer/MyChatServer"/>
				<Option object_output="./"/>
				<Option type="1"/>
				<Option compiler="gcc"/>
				<Compiler>
					<Add directory="/home/lzy/myChatServer/MyChatServer"/>
					<Add directory="/home/lzy/myChatServer/MyChatServer/third_party/gmock"/>
					<Add directory="/usr/include/c++/4.8"/>
					<Add directory="/usr/include/x86_64-linux-gnu/c++/4.8"/>
					<Add directory="/usr/include/c++/4.8/backward"/>
					<Add directory="/usr/lib/gcc/x86_64-linux-gnu/4.8/include"/>
					<Add directory="/usr/local/include"/>
					<Add directory="/usr/lib/gcc/x86_64-linux-gnu/4.8/include-fixed"/>
					<Add directory="/usr/include/x86_64-linux-gnu"/>
					<Add directory="/usr/include"/>
				</Compiler>
				<MakeCommands>
					<Build command="/usr/bin/make -j4 -f &quot;/home/lzy/myChatServer/MyChatServer/Makefile&quot;  VERBOSE=1 mysqlMgrtest"/>
					<CompileFile command="/usr/bin/make -j4 -f &quot;/home/lzy/myChatServer/MyChatServer/Makefile&quot;  VERBOSE=1 &quot;$file&quot;"/>
					<Clean command="/usr/bin/make -j4 -f &quot;/home/lzy/myChatServer/MyChatServer/Makefile&quot;  VERBOSE=1 clean"/>
					<DistClean command="/usr/bin/make -j4 -f &quot;/home/lzy/myChatServer/MyChatServer/Makefile&quot;  VERBOSE=1 clean"/>
				</MakeCommands>
			</Target>
			<Target title="mysqlMgrtest/fast">
				<Option output="/home/lzy/myChatServer/MyChatServer/mysqlMgrtest" prefix_auto="0" extension_auto="0"/>
				<Option working_dir="/home/lzy/myChatServer/MyChatServer"/>
				<Option object_output="./"/>
				<Option type="1"/>
				<Option compiler="gcc"/>
				<Compiler>
					<Add directory="/home/lzy/myChatServer/MyChatServer"/>
					<Add directory="/home/lzy/myChatServer/MyChatServer/third_party/gmock"/>
					<Add directory="/usr/include/c++/4.8"/>
					<Add directory="/usr/include/x86_64-linux-gnu/c++/4.8"/>
					<Add directory="/usr/include/c++/4.8/backward"/>
					<Add directory="/usr/lib/gcc/x86_64-linux-gnu/4.8/include"/>
					<Add directory="/usr/local/include"/>
					<Add directory="/usr/lib/gcc/x86_64-linux-gnu/4.8/include-fixed"/>
					<Add directory="/usr/include/x86_64-linux-gnu"/>
					<Add directory="/usr/include"/>
				</Compiler>
				<MakeCommands>
					<Build command="/usr/bin/make -j4 -f &quot;/home/lzy/myChatServer/MyChatServer/Makefile&quot;  VERBOSE=1 mysqlMgrtest/fast"/>
					<CompileFile command="/usr/bin/make -j4 -f &quot;/home/lzy/myChatServer/MyChatServer/Makefile&quot;  VERBOSE=1 &quot;$file&quot;"/>
					<Clean command="/usr/bin/make -j4 -f &quot;/home/lzy/myChatServer/MyChatServer/Makefile&quot;  VERBOSE=1 clean"/>
					<DistClean command="/usr/bin/make -j4 -f &quot;/home/lzy/myChatServer/MyChatServer/Makefile&quot;  VERBOSE=1 clean"/>
				</MakeCommands>
			</Target>
			<Target title="testlib">
				<Option output="/home/lzy/myChatServer/MyChatServer/libtestlib.a" prefix_auto="0" extension_auto="0"/>
				<Option working_dir="/home/lzy/myChatServer/MyChatServer"/>
				<Option object_output="./"/>
				<Option type="2"/>
				<Option compiler="gcc"/>
				<Compiler>
					<Add directory="/home/lzy/myChatServer/MyChatServer"/>
					<Add directory="/home/lzy/myChatServer/MyChatServer/third_party/gmock"/>
					<Add directory="/usr/include/c++/4.8"/>
					<Add directory="/usr/include/x86_64-linux-gnu/c++/4.8"/>
					<Add directory="/usr/include/c++/4.8/backward"/>
					<Add directory="/usr/lib/gcc/x86_64-linux-gnu/4.8/include"/>
					<Add directory="/usr/local/include"/>
					<Add directory="/usr/lib/gcc/x86_64-linux-gnu/4.8/include-fixed"/>
					<Add directory="/usr/include/x86_64-linux-gnu"/>
					<Add directory="/usr/include"/>
				</Compiler>
				<MakeCommands>
					<Build command="/usr/bin/make -j4 -f &quot;/home/lzy/myChatServer/MyChatServer/Makefile&quot;  VERBOSE=1 testlib"/>
					<CompileFile command="/usr/bin/make -j4 -f &quot;/home/lzy/myChatServer/MyChatServer/Makefile&quot;  VERBOSE=1 &quot;$file&quot;"/>
					<Clean command="/usr/bin/make -j4 -f &quot;/home/lzy/myChatServer/MyChatServer/Makefile&quot;  VERBOSE=1 clean"/>
					<DistClean command="/usr/bin/make -j4 -f &quot;/home/lzy/myChatServer/MyChatServer/Makefile&quot;  VERBOSE=1 clean"/>
				</MakeCommands>
			</Target>
			<Target title="testlib/fast">
				<Option output="/home/lzy/myChatServer/MyChatServer/libtestlib.a" prefix_auto="0" extension_auto="0"/>
				<Option working_dir="/home/lzy/myChatServer/MyChatServer"/>
				<Option object_output="./"/>
				<Option type="2"/>
				<Option compiler="gcc"/>
				<Compiler>
					<Add directory="/home/lzy/myChatServer/MyChatServer"/>
					<Add directory="/home/lzy/myChatServer/MyChatServer/third_party/gmock"/>
					<Add directory="/usr/include/c++/4.8"/>
					<Add directory="/usr/include/x86_64-linux-gnu/c++/4.8"/>
					<Add directory="/usr/include/c++/4.8/backward"/>
					<Add directory="/usr/lib/gcc/x86_64-linux-gnu/4.8/include"/>
					<Add directory="/usr/local/include"/>
					<Add directory="/usr/lib/gcc/x86_64-linux-gnu/4.8/include-fixed"/>
					<Add directory="/usr/include/x86_64-linux-gnu"/>
					<Add directory="/usr/include"/>
				</Compiler>
				<MakeCommands>
					<Build command="/usr/bin/make -j4 -f &quot;/home/lzy/myChatServer/MyChatServer/Makefile&quot;  VERBOSE=1 testlib/fast"/>
					<CompileFile command="/usr/bin/make -j4 -f &quot;/home/lzy/myChatServer/MyChatServer/Makefile&quot;  VERBOSE=1 &quot;$file&quot;"/>
					<Clean command="/usr/bin/make -j4 -f &quot;/home/lzy/myChatServer/MyChatServer/Makefile&quot;  VERBOSE=1 clean"/>
					<DistClean command="/usr/bin/make -j4 -f &quot;/home/lzy/myChatServer/MyChatServer/Makefile&quot;  VERBOSE=1 clean"/>
				</MakeCommands>
			</Target>
			<Target title="mysqlapilib">
				<Option output="/home/lzy/myChatServer/MyChatServer/libmysqlapilib.a" prefix_auto="0" extension_auto="0"/>
				<Option working_dir="/home/lzy/myChatServer/MyChatServer"/>
				<Option object_output="./"/>
				<Option type="2"/>
				<Option compiler="gcc"/>
				<Compiler>
					<Add directory="/home/lzy/myChatServer/MyChatServer"/>
					<Add directory="/home/lzy/myChatServer/MyChatServer/third_party/gmock"/>
					<Add directory="/usr/include/c++/4.8"/>
					<Add directory="/usr/include/x86_64-linux-gnu/c++/4.8"/>
					<Add directory="/usr/include/c++/4.8/backward"/>
					<Add directory="/usr/lib/gcc/x86_64-linux-gnu/4.8/include"/>
					<Add directory="/usr/local/include"/>
					<Add directory="/usr/lib/gcc/x86_64-linux-gnu/4.8/include-fixed"/>
					<Add directory="/usr/include/x86_64-linux-gnu"/>
					<Add directory="/usr/include"/>
				</Compiler>
				<MakeCommands>
					<Build command="/usr/bin/make -j4 -f &quot;/home/lzy/myChatServer/MyChatServer/Makefile&quot;  VERBOSE=1 mysqlapilib"/>
					<CompileFile command="/usr/bin/make -j4 -f &quot;/home/lzy/myChatServer/MyChatServer/Makefile&quot;  VERBOSE=1 &quot;$file&quot;"/>
					<Clean command="/usr/bin/make -j4 -f &quot;/home/lzy/myChatServer/MyChatServer/Makefile&quot;  VERBOSE=1 clean"/>
					<DistClean command="/usr/bin/make -j4 -f &quot;/home/lzy/myChatServer/MyChatServer/Makefile&quot;  VERBOSE=1 clean"/>
				</MakeCommands>
			</Target>
			<Target title="mysqlapilib/fast">
				<Option output="/home/lzy/myChatServer/MyChatServer/libmysqlapilib.a" prefix_auto="0" extension_auto="0"/>
				<Option working_dir="/home/lzy/myChatServer/MyChatServer"/>
				<Option object_output="./"/>
				<Option type="2"/>
				<Option compiler="gcc"/>
				<Compiler>
					<Add directory="/home/lzy/myChatServer/MyChatServer"/>
					<Add directory="/home/lzy/myChatServer/MyChatServer/third_party/gmock"/>
					<Add directory="/usr/include/c++/4.8"/>
					<Add directory="/usr/include/x86_64-linux-gnu/c++/4.8"/>
					<Add directory="/usr/include/c++/4.8/backward"/>
					<Add directory="/usr/lib/gcc/x86_64-linux-gnu/4.8/include"/>
					<Add directory="/usr/local/include"/>
					<Add directory="/usr/lib/gcc/x86_64-linux-gnu/4.8/include-fixed"/>
					<Add directory="/usr/include/x86_64-linux-gnu"/>
					<Add directory="/usr/include"/>
				</Compiler>
				<MakeCommands>
					<Build command="/usr/bin/make -j4 -f &quot;/home/lzy/myChatServer/MyChatServer/Makefile&quot;  VERBOSE=1 mysqlapilib/fast"/>
					<CompileFile command="/usr/bin/make -j4 -f &quot;/home/lzy/myChatServer/MyChatServer/Makefile&quot;  VERBOSE=1 &quot;$file&quot;"/>
					<Clean command="/usr/bin/make -j4 -f &quot;/home/lzy/myChatServer/MyChatServer/Makefile&quot;  VERBOSE=1 clean"/>
					<DistClean command="/usr/bin/make -j4 -f &quot;/home/lzy/myChatServer/MyChatServer/Makefile&quot;  VERBOSE=1 clean"/>
				</MakeCommands>
			</Target>
			<Target title="Timestamptest">
				<Option output="/home/lzy/myChatServer/MyChatServer/Timestamptest" prefix_auto="0" extension_auto="0"/>
				<Option working_dir="/home/lzy/myChatServer/MyChatServer"/>
				<Option object_output="./"/>
				<Option type="1"/>
				<Option compiler="gcc"/>
				<Compiler>
					<Add directory="/home/lzy/myChatServer/MyChatServer"/>
					<Add directory="/home/lzy/myChatServer/MyChatServer/third_party/gmock"/>
					<Add directory="/usr/include/c++/4.8"/>
					<Add directory="/usr/include/x86_64-linux-gnu/c++/4.8"/>
					<Add directory="/usr/include/c++/4.8/backward"/>
					<Add directory="/usr/lib/gcc/x86_64-linux-gnu/4.8/include"/>
					<Add directory="/usr/local/include"/>
					<Add directory="/usr/lib/gcc/x86_64-linux-gnu/4.8/include-fixed"/>
					<Add directory="/usr/include/x86_64-linux-gnu"/>
					<Add directory="/usr/include"/>
				</Compiler>
				<MakeCommands>
					<Build command="/usr/bin/make -j4 -f &quot;/home/lzy/myChatServer/MyChatServer/Makefile&quot;  VERBOSE=1 Timestamptest"/>
					<CompileFile command="/usr/bin/make -j4 -f &quot;/home/lzy/myChatServer/MyChatServer/Makefile&quot;  VERBOSE=1 &quot;$file&quot;"/>
					<Clean command="/usr/bin/make -j4 -f &quot;/home/lzy/myChatServer/MyChatServer/Makefile&quot;  VERBOSE=1 clean"/>
					<DistClean command="/usr/bin/make -j4 -f &quot;/home/lzy/myChatServer/MyChatServer/Makefile&quot;  VERBOSE=1 clean"/>
				</MakeCommands>
			</Target>
			<Target title="Timestamptest/fast">
				<Option output="/home/lzy/myChatServer/MyChatServer/Timestamptest" prefix_auto="0" extension_auto="0"/>
				<Option working_dir="/home/lzy/myChatServer/MyChatServer"/>
				<Option object_output="./"/>
				<Option type="1"/>
				<Option compiler="gcc"/>
				<Compiler>
					<Add directory="/home/lzy/myChatServer/MyChatServer"/>
					<Add directory="/home/lzy/myChatServer/MyChatServer/third_party/gmock"/>
					<Add directory="/usr/include/c++/4.8"/>
					<Add directory="/usr/include/x86_64-linux-gnu/c++/4.8"/>
					<Add directory="/usr/include/c++/4.8/backward"/>
					<Add directory="/usr/lib/gcc/x86_64-linux-gnu/4.8/include"/>
					<Add directory="/usr/local/include"/>
					<Add directory="/usr/lib/gcc/x86_64-linux-gnu/4.8/include-fixed"/>
					<Add directory="/usr/include/x86_64-linux-gnu"/>
					<Add directory="/usr/include"/>
				</Compiler>
				<MakeCommands>
					<Build command="/usr/bin/make -j4 -f &quot;/home/lzy/myChatServer/MyChatServer/Makefile&quot;  VERBOSE=1 Timestamptest/fast"/>
					<CompileFile command="/usr/bin/make -j4 -f &quot;/home/lzy/myChatServer/MyChatServer/Makefile&quot;  VERBOSE=1 &quot;$file&quot;"/>
					<Clean command="/usr/bin/make -j4 -f &quot;/home/lzy/myChatServer/MyChatServer/Makefile&quot;  VERBOSE=1 clean"/>
					<DistClean command="/usr/bin/make -j4 -f &quot;/home/lzy/myChatServer/MyChatServer/Makefile&quot;  VERBOSE=1 clean"/>
				</MakeCommands>
			</Target>
			<Target title="mychat">
				<Option output="/home/lzy/myChatServer/MyChatServer/libmychat.a" prefix_auto="0" extension_auto="0"/>
				<Option working_dir="/home/lzy/myChatServer/MyChatServer"/>
				<Option object_output="./"/>
				<Option type="2"/>
				<Option compiler="gcc"/>
				<Compiler>
					<Add directory="/home/lzy/myChatServer/MyChatServer"/>
					<Add directory="/home/lzy/myChatServer/MyChatServer/third_party/gmock"/>
					<Add directory="/usr/include/c++/4.8"/>
					<Add directory="/usr/include/x86_64-linux-gnu/c++/4.8"/>
					<Add directory="/usr/include/c++/4.8/backward"/>
					<Add directory="/usr/lib/gcc/x86_64-linux-gnu/4.8/include"/>
					<Add directory="/usr/local/include"/>
					<Add directory="/usr/lib/gcc/x86_64-linux-gnu/4.8/include-fixed"/>
					<Add directory="/usr/include/x86_64-linux-gnu"/>
					<Add directory="/usr/include"/>
				</Compiler>
				<MakeCommands>
					<Build command="/usr/bin/make -j4 -f &quot;/home/lzy/myChatServer/MyChatServer/Makefile&quot;  VERBOSE=1 mychat"/>
					<CompileFile command="/usr/bin/make -j4 -f &quot;/home/lzy/myChatServer/MyChatServer/Makefile&quot;  VERBOSE=1 &quot;$file&quot;"/>
					<Clean command="/usr/bin/make -j4 -f &quot;/home/lzy/myChatServer/MyChatServer/Makefile&quot;  VERBOSE=1 clean"/>
					<DistClean command="/usr/bin/make -j4 -f &quot;/home/lzy/myChatServer/MyChatServer/Makefile&quot;  VERBOSE=1 clean"/>
				</MakeCommands>
			</Target>
			<Target title="mychat/fast">
				<Option output="/home/lzy/myChatServer/MyChatServer/libmychat.a" prefix_auto="0" extension_auto="0"/>
				<Option working_dir="/home/lzy/myChatServer/MyChatServer"/>
				<Option object_output="./"/>
				<Option type="2"/>
				<Option compiler="gcc"/>
				<Compiler>
					<Add directory="/home/lzy/myChatServer/MyChatServer"/>
					<Add directory="/home/lzy/myChatServer/MyChatServer/third_party/gmock"/>
					<Add directory="/usr/include/c++/4.8"/>
					<Add directory="/usr/include/x86_64-linux-gnu/c++/4.8"/>
					<Add directory="/usr/include/c++/4.8/backward"/>
					<Add directory="/usr/lib/gcc/x86_64-linux-gnu/4.8/include"/>
					<Add directory="/usr/local/include"/>
					<Add directory="/usr/lib/gcc/x86_64-linux-gnu/4.8/include-fixed"/>
					<Add directory="/usr/include/x86_64-linux-gnu"/>
					<Add directory="/usr/include"/>
				</Compiler>
				<MakeCommands>
					<Build command="/usr/bin/make -j4 -f &quot;/home/lzy/myChatServer/MyChatServer/Makefile&quot;  VERBOSE=1 mychat/fast"/>
					<CompileFile command="/usr/bin/make -j4 -f &quot;/home/lzy/myChatServer/MyChatServer/Makefile&quot;  VERBOSE=1 &quot;$file&quot;"/>
					<Clean command="/usr/bin/make -j4 -f &quot;/home/lzy/myChatServer/MyChatServer/Makefile&quot;  VERBOSE=1 clean"/>
					<DistClean command="/usr/bin/make -j4 -f &quot;/home/lzy/myChatServer/MyChatServer/Makefile&quot;  VERBOSE=1 clean"/>
				</MakeCommands>
			</Target>
			<Target title="rebuild_cache">
				<Option working_dir="/home/lzy/myChatServer/MyChatServer"/>
				<Option type="4"/>
				<MakeCommands>
					<Build command="/usr/bin/make -j4 -f &quot;/home/lzy/myChatServer/MyChatServer/Makefile&quot;  VERBOSE=1 rebuild_cache"/>
					<CompileFile command="/usr/bin/make -j4 -f &quot;/home/lzy/myChatServer/MyChatServer/Makefile&quot;  VERBOSE=1 &quot;$file&quot;"/>
					<Clean command="/usr/bin/make -j4 -f &quot;/home/lzy/myChatServer/MyChatServer/Makefile&quot;  VERBOSE=1 clean"/>
					<DistClean command="/usr/bin/make -j4 -f &quot;/home/lzy/myChatServer/MyChatServer/Makefile&quot;  VERBOSE=1 clean"/>
				</MakeCommands>
			</Target>
			<Target title="chatserver">
				<Option output="/home/lzy/myChatServer/MyChatServer/chatserver" prefix_auto="0" extension_auto="0"/>
				<Option working_dir="/home/lzy/myChatServer/MyChatServer"/>
				<Option object_output="./"/>
				<Option type="1"/>
				<Option compiler="gcc"/>
				<Compiler>
					<Add directory="/home/lzy/myChatServer/MyChatServer"/>
					<Add directory="/home/lzy/myChatServer/MyChatServer/third_party/gmock"/>
					<Add directory="/usr/include/c++/4.8"/>
					<Add directory="/usr/include/x86_64-linux-gnu/c++/4.8"/>
					<Add directory="/usr/include/c++/4.8/backward"/>
					<Add directory="/usr/lib/gcc/x86_64-linux-gnu/4.8/include"/>
					<Add directory="/usr/local/include"/>
					<Add directory="/usr/lib/gcc/x86_64-linux-gnu/4.8/include-fixed"/>
					<Add directory="/usr/include/x86_64-linux-gnu"/>
					<Add directory="/usr/include"/>
				</Compiler>
				<MakeCommands>
					<Build command="/usr/bin/make -j4 -f &quot;/home/lzy/myChatServer/MyChatServer/Makefile&quot;  VERBOSE=1 chatserver"/>
					<CompileFile command="/usr/bin/make -j4 -f &quot;/home/lzy/myChatServer/MyChatServer/Makefile&quot;  VERBOSE=1 &quot;$file&quot;"/>
					<Clean command="/usr/bin/make -j4 -f &quot;/home/lzy/myChatServer/MyChatServer/Makefile&quot;  VERBOSE=1 clean"/>
					<DistClean command="/usr/bin/make -j4 -f &quot;/home/lzy/myChatServer/MyChatServer/Makefile&quot;  VERBOSE=1 clean"/>
				</MakeCommands>
			</Target>
			<Target title="chatserver/fast">
				<Option output="/home/lzy/myChatServer/MyChatServer/chatserver" prefix_auto="0" extension_auto="0"/>
				<Option working_dir="/home/lzy/myChatServer/MyChatServer"/>
				<Option object_output="./"/>
				<Option type="1"/>
				<Option compiler="gcc"/>
				<Compiler>
					<Add directory="/home/lzy/myChatServer/MyChatServer"/>
					<Add directory="/home/lzy/myChatServer/MyChatServer/third_party/gmock"/>
					<Add directory="/usr/include/c++/4.8"/>
					<Add directory="/usr/include/x86_64-linux-gnu/c++/4.8"/>
					<Add directory="/usr/include/c++/4.8/backward"/>
					<Add directory="/usr/lib/gcc/x86_64-linux-gnu/4.8/include"/>
					<Add directory="/usr/local/include"/>
					<Add directory="/usr/lib/gcc/x86_64-linux-gnu/4.8/include-fixed"/>
					<Add directory="/usr/include/x86_64-linux-gnu"/>
					<Add directory="/usr/include"/>
				</Compiler>
				<MakeCommands>
					<Build command="/usr/bin/make -j4 -f &quot;/home/lzy/myChatServer/MyChatServer/Makefile&quot;  VERBOSE=1 chatserver/fast"/>
					<CompileFile command="/usr/bin/make -j4 -f &quot;/home/lzy/myChatServer/MyChatServer/Makefile&quot;  VERBOSE=1 &quot;$file&quot;"/>
					<Clean command="/usr/bin/make -j4 -f &quot;/home/lzy/myChatServer/MyChatServer/Makefile&quot;  VERBOSE=1 clean"/>
					<DistClean command="/usr/bin/make -j4 -f &quot;/home/lzy/myChatServer/MyChatServer/Makefile&quot;  VERBOSE=1 clean"/>
				</MakeCommands>
			</Target>
			<Target title="netlib">
				<Option output="/home/lzy/myChatServer/MyChatServer/libnetlib.a" prefix_auto="0" extension_auto="0"/>
				<Option working_dir="/home/lzy/myChatServer/MyChatServer"/>
				<Option object_output="./"/>
				<Option type="2"/>
				<Option compiler="gcc"/>
				<Compiler>
					<Add directory="/home/lzy/myChatServer/MyChatServer"/>
					<Add directory="/home/lzy/myChatServer/MyChatServer/third_party/gmock"/>
					<Add directory="/usr/include/c++/4.8"/>
					<Add directory="/usr/include/x86_64-linux-gnu/c++/4.8"/>
					<Add directory="/usr/include/c++/4.8/backward"/>
					<Add directory="/usr/lib/gcc/x86_64-linux-gnu/4.8/include"/>
					<Add directory="/usr/local/include"/>
					<Add directory="/usr/lib/gcc/x86_64-linux-gnu/4.8/include-fixed"/>
					<Add directory="/usr/include/x86_64-linux-gnu"/>
					<Add directory="/usr/include"/>
				</Compiler>
				<MakeCommands>
					<Build command="/usr/bin/make -j4 -f &quot;/home/lzy/myChatServer/MyChatServer/Makefile&quot;  VERBOSE=1 netlib"/>
					<CompileFile command="/usr/bin/make -j4 -f &quot;/home/lzy/myChatServer/MyChatServer/Makefile&quot;  VERBOSE=1 &quot;$file&quot;"/>
					<Clean command="/usr/bin/make -j4 -f &quot;/home/lzy/myChatServer/MyChatServer/Makefile&quot;  VERBOSE=1 clean"/>
					<DistClean command="/usr/bin/make -j4 -f &quot;/home/lzy/myChatServer/MyChatServer/Makefile&quot;  VERBOSE=1 clean"/>
				</MakeCommands>
			</Target>
			<Target title="netlib/fast">
				<Option output="/home/lzy/myChatServer/MyChatServer/libnetlib.a" prefix_auto="0" extension_auto="0"/>
				<Option working_dir="/home/lzy/myChatServer/MyChatServer"/>
				<Option object_output="./"/>
				<Option type="2"/>
				<Option compiler="gcc"/>
				<Compiler>
					<Add directory="/home/lzy/myChatServer/MyChatServer"/>
					<Add directory="/home/lzy/myChatServer/MyChatServer/third_party/gmock"/>
					<Add directory="/usr/include/c++/4.8"/>
					<Add directory="/usr/include/x86_64-linux-gnu/c++/4.8"/>
					<Add directory="/usr/include/c++/4.8/backward"/>
					<Add directory="/usr/lib/gcc/x86_64-linux-gnu/4.8/include"/>
					<Add directory="/usr/local/include"/>
					<Add directory="/usr/lib/gcc/x86_64-linux-gnu/4.8/include-fixed"/>
					<Add directory="/usr/include/x86_64-linux-gnu"/>
					<Add directory="/usr/include"/>
				</Compiler>
				<MakeCommands>
					<Build command="/usr/bin/make -j4 -f &quot;/home/lzy/myChatServer/MyChatServer/Makefile&quot;  VERBOSE=1 netlib/fast"/>
					<CompileFile command="/usr/bin/make -j4 -f &quot;/home/lzy/myChatServer/MyChatServer/Makefile&quot;  VERBOSE=1 &quot;$file&quot;"/>
					<Clean command="/usr/bin/make -j4 -f &quot;/home/lzy/myChatServer/MyChatServer/Makefile&quot;  VERBOSE=1 clean"/>
					<DistClean command="/usr/bin/make -j4 -f &quot;/home/lzy/myChatServer/MyChatServer/Makefile&quot;  VERBOSE=1 clean"/>
				</MakeCommands>
			</Target>
			<Target title="mysqllib">
				<Option output="/home/lzy/myChatServer/MyChatServer/libmysqllib.a" prefix_auto="0" extension_auto="0"/>
				<Option working_dir="/home/lzy/myChatServer/MyChatServer"/>
				<Option object_output="./"/>
				<Option type="2"/>
				<Option compiler="gcc"/>
				<Compiler>
					<Add directory="/home/lzy/myChatServer/MyChatServer"/>
					<Add directory="/home/lzy/myChatServer/MyChatServer/third_party/gmock"/>
					<Add directory="/usr/include/c++/4.8"/>
					<Add directory="/usr/include/x86_64-linux-gnu/c++/4.8"/>
					<Add directory="/usr/include/c++/4.8/backward"/>
					<Add directory="/usr/lib/gcc/x86_64-linux-gnu/4.8/include"/>
					<Add directory="/usr/local/include"/>
					<Add directory="/usr/lib/gcc/x86_64-linux-gnu/4.8/include-fixed"/>
					<Add directory="/usr/include/x86_64-linux-gnu"/>
					<Add directory="/usr/include"/>
				</Compiler>
				<MakeCommands>
					<Build command="/usr/bin/make -j4 -f &quot;/home/lzy/myChatServer/MyChatServer/Makefile&quot;  VERBOSE=1 mysqllib"/>
					<CompileFile command="/usr/bin/make -j4 -f &quot;/home/lzy/myChatServer/MyChatServer/Makefile&quot;  VERBOSE=1 &quot;$file&quot;"/>
					<Clean command="/usr/bin/make -j4 -f &quot;/home/lzy/myChatServer/MyChatServer/Makefile&quot;  VERBOSE=1 clean"/>
					<DistClean command="/usr/bin/make -j4 -f &quot;/home/lzy/myChatServer/MyChatServer/Makefile&quot;  VERBOSE=1 clean"/>
				</MakeCommands>
			</Target>
			<Target title="mysqllib/fast">
				<Option output="/home/lzy/myChatServer/MyChatServer/libmysqllib.a" prefix_auto="0" extension_auto="0"/>
				<Option working_dir="/home/lzy/myChatServer/MyChatServer"/>
				<Option object_output="./"/>
				<Option type="2"/>
				<Option compiler="gcc"/>
				<Compiler>
					<Add directory="/home/lzy/myChatServer/MyChatServer"/>
					<Add directory="/home/lzy/myChatServer/MyChatServer/third_party/gmock"/>
					<Add directory="/usr/include/c++/4.8"/>
					<Add directory="/usr/include/x86_64-linux-gnu/c++/4.8"/>
					<Add directory="/usr/include/c++/4.8/backward"/>
					<Add directory="/usr/lib/gcc/x86_64-linux-gnu/4.8/include"/>
					<Add directory="/usr/local/include"/>
					<Add directory="/usr/lib/gcc/x86_64-linux-gnu/4.8/include-fixed"/>
					<Add directory="/usr/include/x86_64-linux-gnu"/>
					<Add directory="/usr/include"/>
				</Compiler>
				<MakeCommands>
					<Build command="/usr/bin/make -j4 -f &quot;/home/lzy/myChatServer/MyChatServer/Makefile&quot;  VERBOSE=1 mysqllib/fast"/>
					<CompileFile command="/usr/bin/make -j4 -f &quot;/home/lzy/myChatServer/MyChatServer/Makefile&quot;  VERBOSE=1 &quot;$file&quot;"/>
					<Clean command="/usr/bin/make -j4 -f &quot;/home/lzy/myChatServer/MyChatServer/Makefile&quot;  VERBOSE=1 clean"/>
					<DistClean command="/usr/bin/make -j4 -f &quot;/home/lzy/myChatServer/MyChatServer/Makefile&quot;  VERBOSE=1 clean"/>
				</MakeCommands>
			</Target>
		</Build>
		<Unit filename="/home/lzy/myChatServer/MyChatServer/base/AsyncLog.cpp">
			<Option target="chatserver"/>
			<Option target="netlib"/>
		</Unit>
		<Unit filename="/home/lzy/myChatServer/MyChatServer/base/AsyncLog.h">
			<Option target="chatserver"/>
			<Option target="netlib"/>
		</Unit>
		<Unit filename="/home/lzy/myChatServer/MyChatServer/base/ConfigFileReader.cpp">
			<Option target="chatserver"/>
			<Option target="netlib"/>
		</Unit>
		<Unit filename="/home/lzy/myChatServer/MyChatServer/base/ConfigFileReader.h">
			<Option target="chatserver"/>
			<Option target="netlib"/>
		</Unit>
		<Unit filename="/home/lzy/myChatServer/MyChatServer/base/Platform.cpp">
			<Option target="chatserver"/>
			<Option target="netlib"/>
		</Unit>
		<Unit filename="/home/lzy/myChatServer/MyChatServer/base/Platform.h">
			<Option target="chatserver"/>
			<Option target="netlib"/>
		</Unit>
		<Unit filename="/home/lzy/myChatServer/MyChatServer/base/Timestamp.cpp">
			<Option target="chatserver"/>
			<Option target="netlib"/>
		</Unit>
		<Unit filename="/home/lzy/myChatServer/MyChatServer/base/Timestamp.h">
			<Option target="chatserver"/>
			<Option target="netlib"/>
		</Unit>
		<Unit filename="/home/lzy/myChatServer/MyChatServer/chatserversrc/BussinessLogic.cpp">
			<Option target="chatserver"/>
		</Unit>
		<Unit filename="/home/lzy/myChatServer/MyChatServer/chatserversrc/BussinessLogic.h">
			<Option target="chatserver"/>
		</Unit>
		<Unit filename="/home/lzy/myChatServer/MyChatServer/chatserversrc/ChatServer.cpp">
			<Option target="chatserver"/>
		</Unit>
		<Unit filename="/home/lzy/myChatServer/MyChatServer/chatserversrc/ChatServer.h">
			<Option target="chatserver"/>
		</Unit>
		<Unit filename="/home/lzy/myChatServer/MyChatServer/chatserversrc/ChatSession.cpp">
			<Option target="chatserver"/>
		</Unit>
		<Unit filename="/home/lzy/myChatServer/MyChatServer/chatserversrc/ChatSession.h">
			<Option target="chatserver"/>
		</Unit>
		<Unit filename="/home/lzy/myChatServer/MyChatServer/chatserversrc/HttpServer.cpp">
			<Option target="chatserver"/>
		</Unit>
		<Unit filename="/home/lzy/myChatServer/MyChatServer/chatserversrc/HttpServer.h">
			<Option target="chatserver"/>
		</Unit>
		<Unit filename="/home/lzy/myChatServer/MyChatServer/chatserversrc/HttpSession.cpp">
			<Option target="chatserver"/>
		</Unit>
		<Unit filename="/home/lzy/myChatServer/MyChatServer/chatserversrc/HttpSession.h">
			<Option target="chatserver"/>
		</Unit>
		<Unit filename="/home/lzy/myChatServer/MyChatServer/chatserversrc/MonitorServer.cpp">
			<Option target="chatserver"/>
		</Unit>
		<Unit filename="/home/lzy/myChatServer/MyChatServer/chatserversrc/MonitorServer.h">
			<Option target="chatserver"/>
		</Unit>
		<Unit filename="/home/lzy/myChatServer/MyChatServer/chatserversrc/MonitorSession.cpp">
			<Option target="chatserver"/>
		</Unit>
		<Unit filename="/home/lzy/myChatServer/MyChatServer/chatserversrc/MonitorSession.h">
			<Option target="chatserver"/>
		</Unit>
		<Unit filename="/home/lzy/myChatServer/MyChatServer/chatserversrc/MsgCacheManager.cpp">
			<Option target="chatserver"/>
		</Unit>
		<Unit filename="/home/lzy/myChatServer/MyChatServer/chatserversrc/MsgCacheManager.h">
			<Option target="chatserver"/>
		</Unit>
		<Unit filename="/home/lzy/myChatServer/MyChatServer/chatserversrc/TcpSession.cpp">
			<Option target="chatserver"/>
		</Unit>
		<Unit filename="/home/lzy/myChatServer/MyChatServer/chatserversrc/TcpSession.h">
			<Option target="chatserver"/>
		</Unit>
		<Unit filename="/home/lzy/myChatServer/MyChatServer/chatserversrc/UserManager.cpp">
			<Option target="chatserver"/>
		</Unit>
		<Unit filename="/home/lzy/myChatServer/MyChatServer/chatserversrc/UserManager.h">
			<Option target="chatserver"/>
		</Unit>
		<Unit filename="/home/lzy/myChatServer/MyChatServer/chatserversrc/main.cpp">
			<Option target="chatserver"/>
		</Unit>
		<Unit filename="/home/lzy/myChatServer/MyChatServer/jsoncpp1.9.0/json_reader.cpp">
			<Option target="chatserver"/>
		</Unit>
		<Unit filename="/home/lzy/myChatServer/MyChatServer/jsoncpp1.9.0/json_value.cpp">
			<Option target="chatserver"/>
		</Unit>
		<Unit filename="/home/lzy/myChatServer/MyChatServer/jsoncpp1.9.0/json_writer.cpp">
			<Option target="chatserver"/>
		</Unit>
		<Unit filename="/home/lzy/myChatServer/MyChatServer/myChatserver/chatserversrc/UserManager.cpp">
			<Option target="UserManagertest"/>
			<Option target="mysqlMgrtest"/>
			<Option target="Timestamptest"/>
			<Option target="mychat"/>
		</Unit>
		<Unit filename="/home/lzy/myChatServer/MyChatServer/myChatserver/chatserversrc/UserManager.h">
			<Option target="UserManagertest"/>
			<Option target="mysqlMgrtest"/>
			<Option target="Timestamptest"/>
			<Option target="mychat"/>
		</Unit>
		<Unit filename="/home/lzy/myChatServer/MyChatServer/myChatserver/mysqlmgr/MysqlManager.cpp">
			<Option target="mysqllib"/>
		</Unit>
		<Unit filename="/home/lzy/myChatServer/MyChatServer/myChatserver/mysqlmgr/MysqlManager.h">
			<Option target="mysqllib"/>
		</Unit>
		<Unit filename="/home/lzy/myChatServer/MyChatServer/myChatserver/mysqlmgr/MysqlTask.h">
			<Option target="mysqllib"/>
		</Unit>
		<Unit filename="/home/lzy/myChatServer/MyChatServer/myChatserver/mysqlmgr/MysqlThrd.cpp">
			<Option target="mysqllib"/>
		</Unit>
		<Unit filename="/home/lzy/myChatServer/MyChatServer/myChatserver/mysqlmgr/MysqlThrd.h">
			<Option target="mysqllib"/>
		</Unit>
		<Unit filename="/home/lzy/myChatServer/MyChatServer/myChatserver/mysqlmgr/MysqlThrdMgr.cpp">
			<Option target="mysqllib"/>
		</Unit>
		<Unit filename="/home/lzy/myChatServer/MyChatServer/myChatserver/mysqlmgr/MysqlThrdMgr.h">
			<Option target="mysqllib"/>
		</Unit>
		<Unit filename="/home/lzy/myChatServer/MyChatServer/myChatserver/mysqlmgr/TaskList.cpp">
			<Option target="mysqllib"/>
		</Unit>
		<Unit filename="/home/lzy/myChatServer/MyChatServer/myChatserver/mysqlmgr/TaskList.h">
			<Option target="mysqllib"/>
		</Unit>
		<Unit filename="/home/lzy/myChatServer/MyChatServer/mysqlapi/DatabaseMysql.cpp">
			<Option target="mysqlapilib"/>
			<Option target="chatserver"/>
		</Unit>
		<Unit filename="/home/lzy/myChatServer/MyChatServer/mysqlapi/DatabaseMysql.h">
			<Option target="mysqlapilib"/>
			<Option target="chatserver"/>
		</Unit>
		<Unit filename="/home/lzy/myChatServer/MyChatServer/mysqlapi/Field.cpp">
			<Option target="mysqlapilib"/>
			<Option target="chatserver"/>
		</Unit>
		<Unit filename="/home/lzy/myChatServer/MyChatServer/mysqlapi/Field.h">
			<Option target="mysqlapilib"/>
			<Option target="chatserver"/>
		</Unit>
		<Unit filename="/home/lzy/myChatServer/MyChatServer/mysqlapi/QueryResult.cpp">
			<Option target="mysqlapilib"/>
			<Option target="chatserver"/>
		</Unit>
		<Unit filename="/home/lzy/myChatServer/MyChatServer/mysqlapi/QueryResult.h">
			<Option target="mysqlapilib"/>
			<Option target="chatserver"/>
		</Unit>
		<Unit filename="/home/lzy/myChatServer/MyChatServer/mysqlmgr/MysqlManager.cpp">
			<Option target="chatserver"/>
		</Unit>
		<Unit filename="/home/lzy/myChatServer/MyChatServer/mysqlmgr/MysqlManager.h">
			<Option target="chatserver"/>
		</Unit>
		<Unit filename="/home/lzy/myChatServer/MyChatServer/mysqlmgr/MysqlThrd.cpp">
			<Option target="chatserver"/>
		</Unit>
		<Unit filename="/home/lzy/myChatServer/MyChatServer/mysqlmgr/MysqlThrd.h">
			<Option target="chatserver"/>
		</Unit>
		<Unit filename="/home/lzy/myChatServer/MyChatServer/mysqlmgr/MysqlThrdMgr.cpp">
			<Option target="chatserver"/>
		</Unit>
		<Unit filename="/home/lzy/myChatServer/MyChatServer/mysqlmgr/MysqlThrdMgr.h">
			<Option target="chatserver"/>
		</Unit>
		<Unit filename="/home/lzy/myChatServer/MyChatServer/mysqlmgr/TaskList.cpp">
			<Option target="chatserver"/>
		</Unit>
		<Unit filename="/home/lzy/myChatServer/MyChatServer/mysqlmgr/TaskList.h">
			<Option target="chatserver"/>
		</Unit>
		<Unit filename="/home/lzy/myChatServer/MyChatServer/net/Acceptor.cpp">
			<Option target="chatserver"/>
			<Option target="netlib"/>
		</Unit>
		<Unit filename="/home/lzy/myChatServer/MyChatServer/net/Acceptor.h">
			<Option target="chatserver"/>
			<Option target="netlib"/>
		</Unit>
		<Unit filename="/home/lzy/myChatServer/MyChatServer/net/Buffer.cpp">
			<Option target="chatserver"/>
			<Option target="netlib"/>
		</Unit>
		<Unit filename="/home/lzy/myChatServer/MyChatServer/net/Buffer.h">
			<Option target="chatserver"/>
			<Option target="netlib"/>
		</Unit>
		<Unit filename="/home/lzy/myChatServer/MyChatServer/net/Channel.cpp">
			<Option target="chatserver"/>
			<Option target="netlib"/>
		</Unit>
		<Unit filename="/home/lzy/myChatServer/MyChatServer/net/Channel.h">
			<Option target="chatserver"/>
			<Option target="netlib"/>
		</Unit>
		<Unit filename="/home/lzy/myChatServer/MyChatServer/net/Connector.cpp">
			<Option target="chatserver"/>
			<Option target="netlib"/>
		</Unit>
		<Unit filename="/home/lzy/myChatServer/MyChatServer/net/Connector.h">
			<Option target="chatserver"/>
			<Option target="netlib"/>
		</Unit>
		<Unit filename="/home/lzy/myChatServer/MyChatServer/net/EpollPoller.cpp">
			<Option target="chatserver"/>
			<Option target="netlib"/>
		</Unit>
		<Unit filename="/home/lzy/myChatServer/MyChatServer/net/EpollPoller.h">
			<Option target="chatserver"/>
			<Option target="netlib"/>
		</Unit>
		<Unit filename="/home/lzy/myChatServer/MyChatServer/net/EventLoop.cpp">
			<Option target="chatserver"/>
			<Option target="netlib"/>
		</Unit>
		<Unit filename="/home/lzy/myChatServer/MyChatServer/net/EventLoop.h">
			<Option target="chatserver"/>
			<Option target="netlib"/>
		</Unit>
		<Unit filename="/home/lzy/myChatServer/MyChatServer/net/EventLoopThread.cpp">
			<Option target="chatserver"/>
			<Option target="netlib"/>
		</Unit>
		<Unit filename="/home/lzy/myChatServer/MyChatServer/net/EventLoopThread.h">
			<Option target="chatserver"/>
			<Option target="netlib"/>
		</Unit>
		<Unit filename="/home/lzy/myChatServer/MyChatServer/net/EventLoopThreadPool.cpp">
			<Option target="chatserver"/>
			<Option target="netlib"/>
		</Unit>
		<Unit filename="/home/lzy/myChatServer/MyChatServer/net/EventLoopThreadPool.h">
			<Option target="chatserver"/>
			<Option target="netlib"/>
		</Unit>
		<Unit filename="/home/lzy/myChatServer/MyChatServer/net/InetAddress.cpp">
			<Option target="chatserver"/>
			<Option target="netlib"/>
		</Unit>
		<Unit filename="/home/lzy/myChatServer/MyChatServer/net/InetAddress.h">
			<Option target="chatserver"/>
			<Option target="netlib"/>
		</Unit>
		<Unit filename="/home/lzy/myChatServer/MyChatServer/net/PollPoller.cpp">
			<Option target="chatserver"/>
			<Option target="netlib"/>
		</Unit>
		<Unit filename="/home/lzy/myChatServer/MyChatServer/net/PollPoller.h">
			<Option target="chatserver"/>
			<Option target="netlib"/>
		</Unit>
		<Unit filename="/home/lzy/myChatServer/MyChatServer/net/Poller.cpp">
			<Option target="chatserver"/>
			<Option target="netlib"/>
		</Unit>
		<Unit filename="/home/lzy/myChatServer/MyChatServer/net/Poller.h">
			<Option target="chatserver"/>
			<Option target="netlib"/>
		</Unit>
		<Unit filename="/home/lzy/myChatServer/MyChatServer/net/ProtocolStream.cpp">
			<Option target="chatserver"/>
			<Option target="netlib"/>
		</Unit>
		<Unit filename="/home/lzy/myChatServer/MyChatServer/net/ProtocolStream.h">
			<Option target="chatserver"/>
			<Option target="netlib"/>
		</Unit>
		<Unit filename="/home/lzy/myChatServer/MyChatServer/net/SelectPoller.cpp">
			<Option target="chatserver"/>
			<Option target="netlib"/>
		</Unit>
		<Unit filename="/home/lzy/myChatServer/MyChatServer/net/SelectPoller.h">
			<Option target="chatserver"/>
			<Option target="netlib"/>
		</Unit>
		<Unit filename="/home/lzy/myChatServer/MyChatServer/net/Sockets.cpp">
			<Option target="chatserver"/>
			<Option target="netlib"/>
		</Unit>
		<Unit filename="/home/lzy/myChatServer/MyChatServer/net/Sockets.h">
			<Option target="chatserver"/>
			<Option target="netlib"/>
		</Unit>
		<Unit filename="/home/lzy/myChatServer/MyChatServer/net/TcpClient.cpp">
			<Option target="chatserver"/>
			<Option target="netlib"/>
		</Unit>
		<Unit filename="/home/lzy/myChatServer/MyChatServer/net/TcpClient.h">
			<Option target="chatserver"/>
			<Option target="netlib"/>
		</Unit>
		<Unit filename="/home/lzy/myChatServer/MyChatServer/net/TcpConnection.cpp">
			<Option target="chatserver"/>
			<Option target="netlib"/>
		</Unit>
		<Unit filename="/home/lzy/myChatServer/MyChatServer/net/TcpConnection.h">
			<Option target="chatserver"/>
			<Option target="netlib"/>
		</Unit>
		<Unit filename="/home/lzy/myChatServer/MyChatServer/net/TcpServer.cpp">
			<Option target="chatserver"/>
			<Option target="netlib"/>
		</Unit>
		<Unit filename="/home/lzy/myChatServer/MyChatServer/net/TcpServer.h">
			<Option target="chatserver"/>
			<Option target="netlib"/>
		</Unit>
		<Unit filename="/home/lzy/myChatServer/MyChatServer/net/Timer.cpp">
			<Option target="chatserver"/>
			<Option target="netlib"/>
		</Unit>
		<Unit filename="/home/lzy/myChatServer/MyChatServer/net/Timer.h">
			<Option target="chatserver"/>
			<Option target="netlib"/>
		</Unit>
		<Unit filename="/home/lzy/myChatServer/MyChatServer/net/TimerQueue.cpp">
			<Option target="chatserver"/>
			<Option target="netlib"/>
		</Unit>
		<Unit filename="/home/lzy/myChatServer/MyChatServer/net/TimerQueue.h">
			<Option target="chatserver"/>
			<Option target="netlib"/>
		</Unit>
		<Unit filename="/home/lzy/myChatServer/MyChatServer/test/base/Timestamptest.cpp">
			<Option target="Timestamptest"/>
		</Unit>
		<Unit filename="/home/lzy/myChatServer/MyChatServer/test/chatserver/UserManagertest.cpp">
			<Option target="UserManagertest"/>
		</Unit>
		<Unit filename="/home/lzy/myChatServer/MyChatServer/test/sql/mysqlMgrtest.cpp">
			<Option target="mysqlMgrtest"/>
		</Unit>
		<Unit filename="/home/lzy/myChatServer/MyChatServer/third_party/gmock/gmock-gtest-all.cc">
			<Option target="testlib"/>
		</Unit>
		<Unit filename="/home/lzy/myChatServer/MyChatServer/third_party/gmock/gmock_main.cc">
			<Option target="testlib"/>
		</Unit>
		<Unit filename="/home/lzy/myChatServer/MyChatServer/utils/DaemonRun.cpp">
			<Option target="chatserver"/>
		</Unit>
		<Unit filename="/home/lzy/myChatServer/MyChatServer/utils/DaemonRun.h">
			<Option target="chatserver"/>
		</Unit>
		<Unit filename="/home/lzy/myChatServer/MyChatServer/utils/MD5.cpp">
			<Option target="chatserver"/>
		</Unit>
		<Unit filename="/home/lzy/myChatServer/MyChatServer/utils/MD5.h">
			<Option target="chatserver"/>
		</Unit>
		<Unit filename="/home/lzy/myChatServer/MyChatServer/utils/StringUtil.cpp">
			<Option target="chatserver"/>
		</Unit>
		<Unit filename="/home/lzy/myChatServer/MyChatServer/utils/StringUtil.h">
			<Option target="chatserver"/>
		</Unit>
		<Unit filename="/home/lzy/myChatServer/MyChatServer/utils/URLEncodeUtil.cpp">
			<Option target="chatserver"/>
		</Unit>
		<Unit filename="/home/lzy/myChatServer/MyChatServer/utils/URLEncodeUtil.h">
			<Option target="chatserver"/>
		</Unit>
		<Unit filename="/home/lzy/myChatServer/MyChatServer/zlib1.2.11/ZlibUtil.cpp">
			<Option target="chatserver"/>
		</Unit>
		<Unit filename="/home/lzy/myChatServer/MyChatServer/zlib1.2.11/ZlibUtil.h">
			<Option target="chatserver"/>
		</Unit>
		<Unit filename="/home/lzy/myChatServer/MyChatServer/zlib1.2.11/adler32.c">
			<Option target="chatserver"/>
		</Unit>
		<Unit filename="/home/lzy/myChatServer/MyChatServer/zlib1.2.11/compress.c">
			<Option target="chatserver"/>
		</Unit>
		<Unit filename="/home/lzy/myChatServer/MyChatServer/zlib1.2.11/crc32.c">
			<Option target="chatserver"/>
		</Unit>
		<Unit filename="/home/lzy/myChatServer/MyChatServer/zlib1.2.11/crc32.h">
			<Option target="chatserver"/>
		</Unit>
		<Unit filename="/home/lzy/myChatServer/MyChatServer/zlib1.2.11/deflate.c">
			<Option target="chatserver"/>
		</Unit>
		<Unit filename="/home/lzy/myChatServer/MyChatServer/zlib1.2.11/deflate.h">
			<Option target="chatserver"/>
		</Unit>
		<Unit filename="/home/lzy/myChatServer/MyChatServer/zlib1.2.11/gzclose.c">
			<Option target="chatserver"/>
		</Unit>
		<Unit filename="/home/lzy/myChatServer/MyChatServer/zlib1.2.11/gzlib.c">
			<Option target="chatserver"/>
		</Unit>
		<Unit filename="/home/lzy/myChatServer/MyChatServer/zlib1.2.11/gzread.c">
			<Option target="chatserver"/>
		</Unit>
		<Unit filename="/home/lzy/myChatServer/MyChatServer/zlib1.2.11/gzwrite.c">
			<Option target="chatserver"/>
		</Unit>
		<Unit filename="/home/lzy/myChatServer/MyChatServer/zlib1.2.11/infback.c">
			<Option target="chatserver"/>
		</Unit>
		<Unit filename="/home/lzy/myChatServer/MyChatServer/zlib1.2.11/inffast.c">
			<Option target="chatserver"/>
		</Unit>
		<Unit filename="/home/lzy/myChatServer/MyChatServer/zlib1.2.11/inffast.h">
			<Option target="chatserver"/>
		</Unit>
		<Unit filename="/home/lzy/myChatServer/MyChatServer/zlib1.2.11/inflate.c">
			<Option target="chatserver"/>
		</Unit>
		<Unit filename="/home/lzy/myChatServer/MyChatServer/zlib1.2.11/inflate.h">
			<Option target="chatserver"/>
		</Unit>
		<Unit filename="/home/lzy/myChatServer/MyChatServer/zlib1.2.11/inftrees.c">
			<Option target="chatserver"/>
		</Unit>
		<Unit filename="/home/lzy/myChatServer/MyChatServer/zlib1.2.11/inftrees.h">
			<Option target="chatserver"/>
		</Unit>
		<Unit filename="/home/lzy/myChatServer/MyChatServer/zlib1.2.11/trees.c">
			<Option target="chatserver"/>
		</Unit>
		<Unit filename="/home/lzy/myChatServer/MyChatServer/zlib1.2.11/trees.h">
			<Option target="chatserver"/>
		</Unit>
		<Unit filename="/home/lzy/myChatServer/MyChatServer/zlib1.2.11/uncompr.c">
			<Option target="chatserver"/>
		</Unit>
		<Unit filename="/home/lzy/myChatServer/MyChatServer/zlib1.2.11/zutil.c">
			<Option target="chatserver"/>
		</Unit>
		<Unit filename="/home/lzy/myChatServer/MyChatServer/zlib1.2.11/zutil.h">
			<Option target="chatserver"/>
		</Unit>
		<Unit filename="/home/lzy/myChatServer/MyChatServer/CMakeLists.txt">
			<Option virtualFolder="CMake Files\"/>
		</Unit>
	</Project>
</CodeBlocks_project_file>
